PODS:
  - Kingfisher (5.14.0):
    - Kingfisher/Core (= 5.14.0)
  - Kingfisher/Core (5.14.0)
  - lottie-ios (3.1.8)

DEPENDENCIES:
  - Kingfisher
  - lottie-ios

SPEC REPOS:
  trunk:
    - Kingfisher
    - lottie-ios

SPEC CHECKSUMS:
  Kingfisher: 7b64389a43139c903ec434788344c288217c792d
  lottie-ios: 48fac6be217c76937e36e340e2d09cf7b10b7f5f

PODFILE CHECKSUM: ae1ebd0bde14c8be1d4399d335a1488ad3ad20ee

COCOAPODS: 1.8.4
