// !$*UTF8*$!
{
	archiveVersion = 1;
	classes = {
	};
	objectVersion = 52;
	objects = {

/* Begin PBXBuildFile section */
		884F8050245C7C1800C3D76A /* AppDelegate.swift in Sources */ = {isa = PBXBuildFile; fileRef = 884F804F245C7C1800C3D76A /* AppDelegate.swift */; };
		884F8052245C7C1800C3D76A /* SceneDelegate.swift in Sources */ = {isa = PBXBuildFile; fileRef = 884F8051245C7C1800C3D76A /* SceneDelegate.swift */; };
		884F8054245C7C1800C3D76A /* MainViewController.swift in Sources */ = {isa = PBXBuildFile; fileRef = 884F8053245C7C1800C3D76A /* MainViewController.swift */; };
		884F8059245C7C1C00C3D76A /* Assets.xcassets in Resources */ = {isa = PBXBuildFile; fileRef = 884F8058245C7C1C00C3D76A /* Assets.xcassets */; };
		884F805C245C7C1C00C3D76A /* LaunchScreen.storyboard in Resources */ = {isa = PBXBuildFile; fileRef = 884F805A245C7C1C00C3D76A /* LaunchScreen.storyboard */; };
		884F8065245F5C8100C3D76A /* ImageKit in Frameworks */ = {isa = PBXBuildFile; productRef = 884F8064245F5C8100C3D76A /* ImageKit */; };
		884F8067245F629500C3D76A /* FavoritesViewController.swift in Sources */ = {isa = PBXBuildFile; fileRef = 884F8066245F629500C3D76A /* FavoritesViewController.swift */; };
		884F8069245F62A400C3D76A /* FavoritesView.swift in Sources */ = {isa = PBXBuildFile; fileRef = 884F8068245F62A400C3D76A /* FavoritesView.swift */; };
		884F806B245F62B100C3D76A /* MainView.swift in Sources */ = {isa = PBXBuildFile; fileRef = 884F806A245F62B100C3D76A /* MainView.swift */; };
		884F806D245F62DB00C3D76A /* MainTabBarController.swift in Sources */ = {isa = PBXBuildFile; fileRef = 884F806C245F62DB00C3D76A /* MainTabBarController.swift */; };
		884F806F245F630A00C3D76A /* DetailViewController.swift in Sources */ = {isa = PBXBuildFile; fileRef = 884F806E245F630A00C3D76A /* DetailViewController.swift */; };
		884F8071245F631800C3D76A /* DetailView.swift in Sources */ = {isa = PBXBuildFile; fileRef = 884F8070245F631800C3D76A /* DetailView.swift */; };
		884F8073245F632200C3D76A /* Extensions.swift in Sources */ = {isa = PBXBuildFile; fileRef = 884F8072245F632200C3D76A /* Extensions.swift */; };
		884F8075245F634100C3D76A /* LocationGeoCoder.swift in Sources */ = {isa = PBXBuildFile; fileRef = 884F8074245F634100C3D76A /* LocationGeoCoder.swift */; };
		884F8077245F63B500C3D76A /* DarkSkysAPIClient.swift in Sources */ = {isa = PBXBuildFile; fileRef = 884F8076245F63B500C3D76A /* DarkSkysAPIClient.swift */; };
		884F8079245F63F500C3D76A /* WeatherForcast.swift in Sources */ = {isa = PBXBuildFile; fileRef = 884F8078245F63F500C3D76A /* WeatherForcast.swift */; };
		884F807B245F63FE00C3D76A /* PixPic.swift in Sources */ = {isa = PBXBuildFile; fileRef = 884F807A245F63FE00C3D76A /* PixPic.swift */; };
		884F807D245F64AF00C3D76A /* PixPicAPIClient.swift in Sources */ = {isa = PBXBuildFile; fileRef = 884F807C245F64AF00C3D76A /* PixPicAPIClient.swift */; };
		884F8084245F68E700C3D76A /* Secrets.swift in Sources */ = {isa = PBXBuildFile; fileRef = 884F8083245F68E700C3D76A /* Secrets.swift */; };
		884F8086245F721C00C3D76A /* MainCollectionViewCell.swift in Sources */ = {isa = PBXBuildFile; fileRef = 884F8085245F721C00C3D76A /* MainCollectionViewCell.swift */; };
		884F808A245FBBA600C3D76A /* windy-weather.json in Resources */ = {isa = PBXBuildFile; fileRef = 884F8089245FBBA600C3D76A /* windy-weather.json */; };
		884F808C245FBD2700C3D76A /* windy-cloud-weather.json in Resources */ = {isa = PBXBuildFile; fileRef = 884F808B245FBD2700C3D76A /* windy-cloud-weather.json */; };
		884F808E245FBD5600C3D76A /* clearDay.json in Resources */ = {isa = PBXBuildFile; fileRef = 884F808D245FBD5600C3D76A /* clearDay.json */; };
		884F8090245FBD6C00C3D76A /* sunrise-weather.json in Resources */ = {isa = PBXBuildFile; fileRef = 884F808F245FBD6C00C3D76A /* sunrise-weather.json */; };
		884F8092245FBD7E00C3D76A /* sunset-weather.json in Resources */ = {isa = PBXBuildFile; fileRef = 884F8091245FBD7D00C3D76A /* sunset-weather.json */; };
		884F8094245FBDB800C3D76A /* rainy-weather.json in Resources */ = {isa = PBXBuildFile; fileRef = 884F8093245FBDB800C3D76A /* rainy-weather.json */; };
		884F8098245FBE2A00C3D76A /* lightning-weather.json in Resources */ = {isa = PBXBuildFile; fileRef = 884F8097245FBE2A00C3D76A /* lightning-weather.json */; };
		884F809C245FBE7E00C3D76A /* cloudy.json in Resources */ = {isa = PBXBuildFile; fileRef = 884F809B245FBE7E00C3D76A /* cloudy.json */; };
		884F809E245FBF0C00C3D76A /* clearNight.json in Resources */ = {isa = PBXBuildFile; fileRef = 884F809D245FBF0B00C3D76A /* clearNight.json */; };
		884F80A0245FC13500C3D76A /* snow-storm-weather.json in Resources */ = {isa = PBXBuildFile; fileRef = 884F809F245FC13500C3D76A /* snow-storm-weather.json */; };
		884F80A2245FC24E00C3D76A /* haze-weather.json in Resources */ = {isa = PBXBuildFile; fileRef = 884F80A1245FC24D00C3D76A /* haze-weather.json */; };
		884F80A4245FC6A700C3D76A /* embarrassed.json in Resources */ = {isa = PBXBuildFile; fileRef = 884F80A3245FC6A700C3D76A /* embarrassed.json */; };
		884F80A7245FE0C300C3D76A /* FavoriteTableViewCell.swift in Sources */ = {isa = PBXBuildFile; fileRef = 884F80A6245FE0C300C3D76A /* FavoriteTableViewCell.swift */; };
		884F80A92469CE8D00C3D76A /* UIImage+Gif.swift in Sources */ = {isa = PBXBuildFile; fileRef = 884F80A82469CE8C00C3D76A /* UIImage+Gif.swift */; };
		9205F5CD3C4EC8663C171393 /* Pods_weatherApp.framework in Frameworks */ = {isa = PBXBuildFile; fileRef = FB125ED38F3F548003A594F5 /* Pods_weatherApp.framework */; };
/* End PBXBuildFile section */

/* Begin PBXFileReference section */
		5C6E47A90F6F2D85AE146582 /* Pods-weatherApp.debug.xcconfig */ = {isa = PBXFileReference; includeInIndex = 1; lastKnownFileType = text.xcconfig; name = "Pods-weatherApp.debug.xcconfig"; path = "Target Support Files/Pods-weatherApp/Pods-weatherApp.debug.xcconfig"; sourceTree = "<group>"; };
		884F804C245C7C1800C3D76A /* weatherApp.app */ = {isa = PBXFileReference; explicitFileType = wrapper.application; includeInIndex = 0; path = weatherApp.app; sourceTree = BUILT_PRODUCTS_DIR; };
		884F804F245C7C1800C3D76A /* AppDelegate.swift */ = {isa = PBXFileReference; lastKnownFileType = sourcecode.swift; path = AppDelegate.swift; sourceTree = "<group>"; };
		884F8051245C7C1800C3D76A /* SceneDelegate.swift */ = {isa = PBXFileReference; lastKnownFileType = sourcecode.swift; path = SceneDelegate.swift; sourceTree = "<group>"; };
		884F8053245C7C1800C3D76A /* MainViewController.swift */ = {isa = PBXFileReference; lastKnownFileType = sourcecode.swift; path = MainViewController.swift; sourceTree = "<group>"; };
		884F8058245C7C1C00C3D76A /* Assets.xcassets */ = {isa = PBXFileReference; lastKnownFileType = folder.assetcatalog; path = Assets.xcassets; sourceTree = "<group>"; };
		884F805B245C7C1C00C3D76A /* Base */ = {isa = PBXFileReference; lastKnownFileType = file.storyboard; name = Base; path = Base.lproj/LaunchScreen.storyboard; sourceTree = "<group>"; };
		884F805D245C7C1C00C3D76A /* Info.plist */ = {isa = PBXFileReference; lastKnownFileType = text.plist.xml; path = Info.plist; sourceTree = "<group>"; };
		884F8066245F629500C3D76A /* FavoritesViewController.swift */ = {isa = PBXFileReference; lastKnownFileType = sourcecode.swift; path = FavoritesViewController.swift; sourceTree = "<group>"; };
		884F8068245F62A400C3D76A /* FavoritesView.swift */ = {isa = PBXFileReference; lastKnownFileType = sourcecode.swift; path = FavoritesView.swift; sourceTree = "<group>"; };
		884F806A245F62B100C3D76A /* MainView.swift */ = {isa = PBXFileReference; lastKnownFileType = sourcecode.swift; path = MainView.swift; sourceTree = "<group>"; };
		884F806C245F62DB00C3D76A /* MainTabBarController.swift */ = {isa = PBXFileReference; lastKnownFileType = sourcecode.swift; path = MainTabBarController.swift; sourceTree = "<group>"; };
		884F806E245F630A00C3D76A /* DetailViewController.swift */ = {isa = PBXFileReference; lastKnownFileType = sourcecode.swift; path = DetailViewController.swift; sourceTree = "<group>"; };
		884F8070245F631800C3D76A /* DetailView.swift */ = {isa = PBXFileReference; lastKnownFileType = sourcecode.swift; path = DetailView.swift; sourceTree = "<group>"; };
		884F8072245F632200C3D76A /* Extensions.swift */ = {isa = PBXFileReference; lastKnownFileType = sourcecode.swift; path = Extensions.swift; sourceTree = "<group>"; };
		884F8074245F634100C3D76A /* LocationGeoCoder.swift */ = {isa = PBXFileReference; lastKnownFileType = sourcecode.swift; path = LocationGeoCoder.swift; sourceTree = "<group>"; };
		884F8076245F63B500C3D76A /* DarkSkysAPIClient.swift */ = {isa = PBXFileReference; lastKnownFileType = sourcecode.swift; path = DarkSkysAPIClient.swift; sourceTree = "<group>"; };
		884F8078245F63F500C3D76A /* WeatherForcast.swift */ = {isa = PBXFileReference; lastKnownFileType = sourcecode.swift; path = WeatherForcast.swift; sourceTree = "<group>"; };
		884F807A245F63FE00C3D76A /* PixPic.swift */ = {isa = PBXFileReference; lastKnownFileType = sourcecode.swift; path = PixPic.swift; sourceTree = "<group>"; };
		884F807C245F64AF00C3D76A /* PixPicAPIClient.swift */ = {isa = PBXFileReference; lastKnownFileType = sourcecode.swift; path = PixPicAPIClient.swift; sourceTree = "<group>"; };
		884F8083245F68E700C3D76A /* Secrets.swift */ = {isa = PBXFileReference; lastKnownFileType = sourcecode.swift; path = Secrets.swift; sourceTree = "<group>"; };
		884F8085245F721C00C3D76A /* MainCollectionViewCell.swift */ = {isa = PBXFileReference; lastKnownFileType = sourcecode.swift; path = MainCollectionViewCell.swift; sourceTree = "<group>"; };
		884F8089245FBBA600C3D76A /* windy-weather.json */ = {isa = PBXFileReference; fileEncoding = 4; lastKnownFileType = text.json; path = "windy-weather.json"; sourceTree = "<group>"; };
		884F808B245FBD2700C3D76A /* windy-cloud-weather.json */ = {isa = PBXFileReference; fileEncoding = 4; lastKnownFileType = text.json; path = "windy-cloud-weather.json"; sourceTree = "<group>"; };
		884F808D245FBD5600C3D76A /* clearDay.json */ = {isa = PBXFileReference; fileEncoding = 4; lastKnownFileType = text.json; path = clearDay.json; sourceTree = "<group>"; };
		884F808F245FBD6C00C3D76A /* sunrise-weather.json */ = {isa = PBXFileReference; fileEncoding = 4; lastKnownFileType = text.json; path = "sunrise-weather.json"; sourceTree = "<group>"; };
		884F8091245FBD7D00C3D76A /* sunset-weather.json */ = {isa = PBXFileReference; fileEncoding = 4; lastKnownFileType = text.json; path = "sunset-weather.json"; sourceTree = "<group>"; };
		884F8093245FBDB800C3D76A /* rainy-weather.json */ = {isa = PBXFileReference; fileEncoding = 4; lastKnownFileType = text.json; path = "rainy-weather.json"; sourceTree = "<group>"; };
		884F8097245FBE2A00C3D76A /* lightning-weather.json */ = {isa = PBXFileReference; fileEncoding = 4; lastKnownFileType = text.json; path = "lightning-weather.json"; sourceTree = "<group>"; };
		884F809B245FBE7E00C3D76A /* cloudy.json */ = {isa = PBXFileReference; fileEncoding = 4; lastKnownFileType = text.json; path = cloudy.json; sourceTree = "<group>"; };
		884F809D245FBF0B00C3D76A /* clearNight.json */ = {isa = PBXFileReference; fileEncoding = 4; lastKnownFileType = text.json; path = clearNight.json; sourceTree = "<group>"; };
		884F809F245FC13500C3D76A /* snow-storm-weather.json */ = {isa = PBXFileReference; fileEncoding = 4; lastKnownFileType = text.json; path = "snow-storm-weather.json"; sourceTree = "<group>"; };
		884F80A1245FC24D00C3D76A /* haze-weather.json */ = {isa = PBXFileReference; fileEncoding = 4; lastKnownFileType = text.json; path = "haze-weather.json"; sourceTree = "<group>"; };
		884F80A3245FC6A700C3D76A /* embarrassed.json */ = {isa = PBXFileReference; fileEncoding = 4; lastKnownFileType = text.json; path = embarrassed.json; sourceTree = "<group>"; };
		884F80A6245FE0C300C3D76A /* FavoriteTableViewCell.swift */ = {isa = PBXFileReference; lastKnownFileType = sourcecode.swift; path = FavoriteTableViewCell.swift; sourceTree = "<group>"; };
		884F80A82469CE8C00C3D76A /* UIImage+Gif.swift */ = {isa = PBXFileReference; lastKnownFileType = sourcecode.swift; path = "UIImage+Gif.swift"; sourceTree = "<group>"; };
		DDF4DBF864A6F2883EF93F5F /* Pods-weatherApp.release.xcconfig */ = {isa = PBXFileReference; includeInIndex = 1; lastKnownFileType = text.xcconfig; name = "Pods-weatherApp.release.xcconfig"; path = "Target Support Files/Pods-weatherApp/Pods-weatherApp.release.xcconfig"; sourceTree = "<group>"; };
		FB125ED38F3F548003A594F5 /* Pods_weatherApp.framework */ = {isa = PBXFileReference; explicitFileType = wrapper.framework; includeInIndex = 0; path = Pods_weatherApp.framework; sourceTree = BUILT_PRODUCTS_DIR; };
/* End PBXFileReference section */

/* Begin PBXFrameworksBuildPhase section */
		884F8049245C7C1800C3D76A /* Frameworks */ = {
			isa = PBXFrameworksBuildPhase;
			buildActionMask = 2147483647;
			files = (
				884F8065245F5C8100C3D76A /* ImageKit in Frameworks */,
				9205F5CD3C4EC8663C171393 /* Pods_weatherApp.framework in Frameworks */,
			);
			runOnlyForDeploymentPostprocessing = 0;
		};
/* End PBXFrameworksBuildPhase section */

/* Begin PBXGroup section */
		82AB8D084FD152807561E6EA /* Frameworks */ = {
			isa = PBXGroup;
			children = (
				FB125ED38F3F548003A594F5 /* Pods_weatherApp.framework */,
			);
			name = Frameworks;
			sourceTree = "<group>";
		};
		884F8043245C7C1800C3D76A = {
			isa = PBXGroup;
			children = (
				884F804E245C7C1800C3D76A /* weatherApp */,
				884F804D245C7C1800C3D76A /* Products */,
				8DCFA94AA94D901563E41494 /* Pods */,
				82AB8D084FD152807561E6EA /* Frameworks */,
			);
			sourceTree = "<group>";
		};
		884F804D245C7C1800C3D76A /* Products */ = {
			isa = PBXGroup;
			children = (
				884F804C245C7C1800C3D76A /* weatherApp.app */,
			);
			name = Products;
			sourceTree = "<group>";
		};
		884F804E245C7C1800C3D76A /* weatherApp */ = {
			isa = PBXGroup;
			children = (
				884F804F245C7C1800C3D76A /* AppDelegate.swift */,
				884F80A82469CE8C00C3D76A /* UIImage+Gif.swift */,
				884F8051245C7C1800C3D76A /* SceneDelegate.swift */,
				884F80A5245FC6B600C3D76A /* WeatherJsons */,
				884F8082245F68DA00C3D76A /* Secrets */,
				884F807E245F64B400C3D76A /* ViewControllers */,
				884F8081245F64EE00C3D76A /* Models */,
				884F8080245F64E000C3D76A /* Networking */,
				884F807F245F64CC00C3D76A /* Views */,
				884F8072245F632200C3D76A /* Extensions.swift */,
				884F8058245C7C1C00C3D76A /* Assets.xcassets */,
				884F805A245C7C1C00C3D76A /* LaunchScreen.storyboard */,
				884F805D245C7C1C00C3D76A /* Info.plist */,
			);
			path = weatherApp;
			sourceTree = "<group>";
		};
		884F807E245F64B400C3D76A /* ViewControllers */ = {
			isa = PBXGroup;
			children = (
				884F806C245F62DB00C3D76A /* MainTabBarController.swift */,
				884F8053245C7C1800C3D76A /* MainViewController.swift */,
				884F806E245F630A00C3D76A /* DetailViewController.swift */,
				884F8066245F629500C3D76A /* FavoritesViewController.swift */,
			);
			path = ViewControllers;
			sourceTree = "<group>";
		};
		884F807F245F64CC00C3D76A /* Views */ = {
			isa = PBXGroup;
			children = (
				884F8070245F631800C3D76A /* DetailView.swift */,
				884F8068245F62A400C3D76A /* FavoritesView.swift */,
				884F806A245F62B100C3D76A /* MainView.swift */,
				884F8085245F721C00C3D76A /* MainCollectionViewCell.swift */,
				884F80A6245FE0C300C3D76A /* FavoriteTableViewCell.swift */,
			);
			path = Views;
			sourceTree = "<group>";
		};
		884F8080245F64E000C3D76A /* Networking */ = {
			isa = PBXGroup;
			children = (
				884F8074245F634100C3D76A /* LocationGeoCoder.swift */,
				884F8076245F63B500C3D76A /* DarkSkysAPIClient.swift */,
				884F807C245F64AF00C3D76A /* PixPicAPIClient.swift */,
			);
			path = Networking;
			sourceTree = "<group>";
		};
		884F8081245F64EE00C3D76A /* Models */ = {
			isa = PBXGroup;
			children = (
				884F8078245F63F500C3D76A /* WeatherForcast.swift */,
				884F807A245F63FE00C3D76A /* PixPic.swift */,
			);
			path = Models;
			sourceTree = "<group>";
		};
		884F8082245F68DA00C3D76A /* Secrets */ = {
			isa = PBXGroup;
			children = (
				884F8083245F68E700C3D76A /* Secrets.swift */,
			);
			path = Secrets;
			sourceTree = "<group>";
		};
		884F80A5245FC6B600C3D76A /* WeatherJsons */ = {
			isa = PBXGroup;
			children = (
				884F8089245FBBA600C3D76A /* windy-weather.json */,
				884F808D245FBD5600C3D76A /* clearDay.json */,
				884F808F245FBD6C00C3D76A /* sunrise-weather.json */,
				884F809D245FBF0B00C3D76A /* clearNight.json */,
				884F808B245FBD2700C3D76A /* windy-cloud-weather.json */,
				884F8093245FBDB800C3D76A /* rainy-weather.json */,
				884F8097245FBE2A00C3D76A /* lightning-weather.json */,
				884F809F245FC13500C3D76A /* snow-storm-weather.json */,
				884F80A1245FC24D00C3D76A /* haze-weather.json */,
				884F809B245FBE7E00C3D76A /* cloudy.json */,
				884F80A3245FC6A700C3D76A /* embarrassed.json */,
				884F8091245FBD7D00C3D76A /* sunset-weather.json */,
			);
			path = WeatherJsons;
			sourceTree = "<group>";
		};
		8DCFA94AA94D901563E41494 /* Pods */ = {
			isa = PBXGroup;
			children = (
				5C6E47A90F6F2D85AE146582 /* Pods-weatherApp.debug.xcconfig */,
				DDF4DBF864A6F2883EF93F5F /* Pods-weatherApp.release.xcconfig */,
			);
			path = Pods;
			sourceTree = "<group>";
		};
/* End PBXGroup section */

/* Begin PBXNativeTarget section */
		884F804B245C7C1800C3D76A /* weatherApp */ = {
			isa = PBXNativeTarget;
			buildConfigurationList = 884F8060245C7C1C00C3D76A /* Build configuration list for PBXNativeTarget "weatherApp" */;
			buildPhases = (
				58A531824325E96FF6A5DAFC /* [CP] Check Pods Manifest.lock */,
				884F8048245C7C1800C3D76A /* Sources */,
				884F8049245C7C1800C3D76A /* Frameworks */,
				884F804A245C7C1800C3D76A /* Resources */,
				B6CF49D8F1BCBEEB0B19414A /* [CP] Embed Pods Frameworks */,
			);
			buildRules = (
			);
			dependencies = (
			);
			name = weatherApp;
			packageProductDependencies = (
				884F8064245F5C8100C3D76A /* ImageKit */,
			);
			productName = weatherApp;
			productReference = 884F804C245C7C1800C3D76A /* weatherApp.app */;
			productType = "com.apple.product-type.application";
		};
/* End PBXNativeTarget section */

/* Begin PBXProject section */
		884F8044245C7C1800C3D76A /* Project object */ = {
			isa = PBXProject;
			attributes = {
				LastSwiftUpdateCheck = 1140;
				LastUpgradeCheck = 1140;
				ORGANIZATIONNAME = "Howard Chang";
				TargetAttributes = {
					884F804B245C7C1800C3D76A = {
						CreatedOnToolsVersion = 11.4;
					};
				};
			};
			buildConfigurationList = 884F8047245C7C1800C3D76A /* Build configuration list for PBXProject "weatherApp" */;
			compatibilityVersion = "Xcode 9.3";
			developmentRegion = en;
			hasScannedForEncodings = 0;
			knownRegions = (
				en,
				Base,
			);
			mainGroup = 884F8043245C7C1800C3D76A;
			packageReferences = (
				884F8063245F5C8100C3D76A /* XCRemoteSwiftPackageReference "ImageKit" */,
			);
			productRefGroup = 884F804D245C7C1800C3D76A /* Products */;
			projectDirPath = "";
			projectRoot = "";
			targets = (
				884F804B245C7C1800C3D76A /* weatherApp */,
			);
		};
/* End PBXProject section */

/* Begin PBXResourcesBuildPhase section */
		884F804A245C7C1800C3D76A /* Resources */ = {
			isa = PBXResourcesBuildPhase;
			buildActionMask = 2147483647;
			files = (
				884F809C245FBE7E00C3D76A /* cloudy.json in Resources */,
				884F8090245FBD6C00C3D76A /* sunrise-weather.json in Resources */,
				884F8092245FBD7E00C3D76A /* sunset-weather.json in Resources */,
				884F80A4245FC6A700C3D76A /* embarrassed.json in Resources */,
				884F8094245FBDB800C3D76A /* rainy-weather.json in Resources */,
				884F808C245FBD2700C3D76A /* windy-cloud-weather.json in Resources */,
				884F80A2245FC24E00C3D76A /* haze-weather.json in Resources */,
				884F805C245C7C1C00C3D76A /* LaunchScreen.storyboard in Resources */,
				884F8059245C7C1C00C3D76A /* Assets.xcassets in Resources */,
				884F8098245FBE2A00C3D76A /* lightning-weather.json in Resources */,
				884F809E245FBF0C00C3D76A /* clearNight.json in Resources */,
				884F808A245FBBA600C3D76A /* windy-weather.json in Resources */,
				884F808E245FBD5600C3D76A /* clearDay.json in Resources */,
				884F80A0245FC13500C3D76A /* snow-storm-weather.json in Resources */,
			);
			runOnlyForDeploymentPostprocessing = 0;
		};
/* End PBXResourcesBuildPhase section */

/* Begin PBXShellScriptBuildPhase section */
		58A531824325E96FF6A5DAFC /* [CP] Check Pods Manifest.lock */ = {
			isa = PBXShellScriptBuildPhase;
			buildActionMask = 2147483647;
			files = (
			);
			inputFileListPaths = (
			);
			inputPaths = (
				"${PODS_PODFILE_DIR_PATH}/Podfile.lock",
				"${PODS_ROOT}/Manifest.lock",
			);
			name = "[CP] Check Pods Manifest.lock";
			outputFileListPaths = (
			);
			outputPaths = (
				"$(DERIVED_FILE_DIR)/Pods-weatherApp-checkManifestLockResult.txt",
			);
			runOnlyForDeploymentPostprocessing = 0;
			shellPath = /bin/sh;
			shellScript = "diff \"${PODS_PODFILE_DIR_PATH}/Podfile.lock\" \"${PODS_ROOT}/Manifest.lock\" > /dev/null\nif [ $? != 0 ] ; then\n    # print error to STDERR\n    echo \"error: The sandbox is not in sync with the Podfile.lock. Run 'pod install' or update your CocoaPods installation.\" >&2\n    exit 1\nfi\n# This output is used by Xcode 'outputs' to avoid re-running this script phase.\necho \"SUCCESS\" > \"${SCRIPT_OUTPUT_FILE_0}\"\n";
			showEnvVarsInLog = 0;
		};
		B6CF49D8F1BCBEEB0B19414A /* [CP] Embed Pods Frameworks */ = {
			isa = PBXShellScriptBuildPhase;
			buildActionMask = 2147483647;
			files = (
			);
			inputFileListPaths = (
				"${PODS_ROOT}/Target Support Files/Pods-weatherApp/Pods-weatherApp-frameworks-${CONFIGURATION}-input-files.xcfilelist",
			);
			name = "[CP] Embed Pods Frameworks";
			outputFileListPaths = (
				"${PODS_ROOT}/Target Support Files/Pods-weatherApp/Pods-weatherApp-frameworks-${CONFIGURATION}-output-files.xcfilelist",
			);
			runOnlyForDeploymentPostprocessing = 0;
			shellPath = /bin/sh;
			shellScript = "\"${PODS_ROOT}/Target Support Files/Pods-weatherApp/Pods-weatherApp-frameworks.sh\"\n";
			showEnvVarsInLog = 0;
		};
/* End PBXShellScriptBuildPhase section */

/* Begin PBXSourcesBuildPhase section */
		884F8048245C7C1800C3D76A /* Sources */ = {
			isa = PBXSourcesBuildPhase;
			buildActionMask = 2147483647;
			files = (
				884F80A92469CE8D00C3D76A /* UIImage+Gif.swift in Sources */,
				884F8069245F62A400C3D76A /* FavoritesView.swift in Sources */,
				884F8084245F68E700C3D76A /* Secrets.swift in Sources */,
				884F8079245F63F500C3D76A /* WeatherForcast.swift in Sources */,
				884F8071245F631800C3D76A /* DetailView.swift in Sources */,
				884F806B245F62B100C3D76A /* MainView.swift in Sources */,
				884F8086245F721C00C3D76A /* MainCollectionViewCell.swift in Sources */,
				884F807D245F64AF00C3D76A /* PixPicAPIClient.swift in Sources */,
				884F8054245C7C1800C3D76A /* MainViewController.swift in Sources */,
				884F806D245F62DB00C3D76A /* MainTabBarController.swift in Sources */,
				884F807B245F63FE00C3D76A /* PixPic.swift in Sources */,
				884F8075245F634100C3D76A /* LocationGeoCoder.swift in Sources */,
				884F8073245F632200C3D76A /* Extensions.swift in Sources */,
				884F8077245F63B500C3D76A /* DarkSkysAPIClient.swift in Sources */,
				884F80A7245FE0C300C3D76A /* FavoriteTableViewCell.swift in Sources */,
				884F8050245C7C1800C3D76A /* AppDelegate.swift in Sources */,
				884F8067245F629500C3D76A /* FavoritesViewController.swift in Sources */,
				884F8052245C7C1800C3D76A /* SceneDelegate.swift in Sources */,
				884F806F245F630A00C3D76A /* DetailViewController.swift in Sources */,
			);
			runOnlyForDeploymentPostprocessing = 0;
		};
/* End PBXSourcesBuildPhase section */

/* Begin PBXVariantGroup section */
		884F805A245C7C1C00C3D76A /* LaunchScreen.storyboard */ = {
			isa = PBXVariantGroup;
			children = (
				884F805B245C7C1C00C3D76A /* Base */,
			);
			name = LaunchScreen.storyboard;
			sourceTree = "<group>";
		};
/* End PBXVariantGroup section */

/* Begin XCBuildConfiguration section */
		884F805E245C7C1C00C3D76A /* Debug */ = {
			isa = XCBuildConfiguration;
			buildSettings = {
				ALWAYS_SEARCH_USER_PATHS = NO;
				CLANG_ANALYZER_NONNULL = YES;
				CLANG_ANALYZER_NUMBER_OBJECT_CONVERSION = YES_AGGRESSIVE;
				CLANG_CXX_LANGUAGE_STANDARD = "gnu++14";
				CLANG_CXX_LIBRARY = "libc++";
				CLANG_ENABLE_MODULES = YES;
				CLANG_ENABLE_OBJC_ARC = YES;
				CLANG_ENABLE_OBJC_WEAK = YES;
				CLANG_WARN_BLOCK_CAPTURE_AUTORELEASING = YES;
				CLANG_WARN_BOOL_CONVERSION = YES;
				CLANG_WARN_COMMA = YES;
				CLANG_WARN_CONSTANT_CONVERSION = YES;
				CLANG_WARN_DEPRECATED_OBJC_IMPLEMENTATIONS = YES;
				CLANG_WARN_DIRECT_OBJC_ISA_USAGE = YES_ERROR;
				CLANG_WARN_DOCUMENTATION_COMMENTS = YES;
				CLANG_WARN_EMPTY_BODY = YES;
				CLANG_WARN_ENUM_CONVERSION = YES;
				CLANG_WARN_INFINITE_RECURSION = YES;
				CLANG_WARN_INT_CONVERSION = YES;
				CLANG_WARN_NON_LITERAL_NULL_CONVERSION = YES;
				CLANG_WARN_OBJC_IMPLICIT_RETAIN_SELF = YES;
				CLANG_WARN_OBJC_LITERAL_CONVERSION = YES;
				CLANG_WARN_OBJC_ROOT_CLASS = YES_ERROR;
				CLANG_WARN_RANGE_LOOP_ANALYSIS = YES;
				CLANG_WARN_STRICT_PROTOTYPES = YES;
				CLANG_WARN_SUSPICIOUS_MOVE = YES;
				CLANG_WARN_UNGUARDED_AVAILABILITY = YES_AGGRESSIVE;
				CLANG_WARN_UNREACHABLE_CODE = YES;
				CLANG_WARN__DUPLICATE_METHOD_MATCH = YES;
				COPY_PHASE_STRIP = NO;
				DEBUG_INFORMATION_FORMAT = dwarf;
				ENABLE_STRICT_OBJC_MSGSEND = YES;
				ENABLE_TESTABILITY = YES;
				GCC_C_LANGUAGE_STANDARD = gnu11;
				GCC_DYNAMIC_NO_PIC = NO;
				GCC_NO_COMMON_BLOCKS = YES;
				GCC_OPTIMIZATION_LEVEL = 0;
				GCC_PREPROCESSOR_DEFINITIONS = (
					"DEBUG=1",
					"$(inherited)",
				);
				GCC_WARN_64_TO_32_BIT_CONVERSION = YES;
				GCC_WARN_ABOUT_RETURN_TYPE = YES_ERROR;
				GCC_WARN_UNDECLARED_SELECTOR = YES;
				GCC_WARN_UNINITIALIZED_AUTOS = YES_AGGRESSIVE;
				GCC_WARN_UNUSED_FUNCTION = YES;
				GCC_WARN_UNUSED_VARIABLE = YES;
				IPHONEOS_DEPLOYMENT_TARGET = 13.4;
				MTL_ENABLE_DEBUG_INFO = INCLUDE_SOURCE;
				MTL_FAST_MATH = YES;
				ONLY_ACTIVE_ARCH = YES;
				SDKROOT = iphoneos;
				SWIFT_ACTIVE_COMPILATION_CONDITIONS = DEBUG;
				SWIFT_OPTIMIZATION_LEVEL = "-Onone";
			};
			name = Debug;
		};
		884F805F245C7C1C00C3D76A /* Release */ = {
			isa = XCBuildConfiguration;
			buildSettings = {
				ALWAYS_SEARCH_USER_PATHS = NO;
				CLANG_ANALYZER_NONNULL = YES;
				CLANG_ANALYZER_NUMBER_OBJECT_CONVERSION = YES_AGGRESSIVE;
				CLANG_CXX_LANGUAGE_STANDARD = "gnu++14";
				CLANG_CXX_LIBRARY = "libc++";
				CLANG_ENABLE_MODULES = YES;
				CLANG_ENABLE_OBJC_ARC = YES;
				CLANG_ENABLE_OBJC_WEAK = YES;
				CLANG_WARN_BLOCK_CAPTURE_AUTORELEASING = YES;
				CLANG_WARN_BOOL_CONVERSION = YES;
				CLANG_WARN_COMMA = YES;
				CLANG_WARN_CONSTANT_CONVERSION = YES;
				CLANG_WARN_DEPRECATED_OBJC_IMPLEMENTATIONS = YES;
				CLANG_WARN_DIRECT_OBJC_ISA_USAGE = YES_ERROR;
				CLANG_WARN_DOCUMENTATION_COMMENTS = YES;
				CLANG_WARN_EMPTY_BODY = YES;
				CLANG_WARN_ENUM_CONVERSION = YES;
				CLANG_WARN_INFINITE_RECURSION = YES;
				CLANG_WARN_INT_CONVERSION = YES;
				CLANG_WARN_NON_LITERAL_NULL_CONVERSION = YES;
				CLANG_WARN_OBJC_IMPLICIT_RETAIN_SELF = YES;
				CLANG_WARN_OBJC_LITERAL_CONVERSION = YES;
				CLANG_WARN_OBJC_ROOT_CLASS = YES_ERROR;
				CLANG_WARN_RANGE_LOOP_ANALYSIS = YES;
				CLANG_WARN_STRICT_PROTOTYPES = YES;
				CLANG_WARN_SUSPICIOUS_MOVE = YES;
				CLANG_WARN_UNGUARDED_AVAILABILITY = YES_AGGRESSIVE;
				CLANG_WARN_UNREACHABLE_CODE = YES;
				CLANG_WARN__DUPLICATE_METHOD_MATCH = YES;
				COPY_PHASE_STRIP = NO;
				DEBUG_INFORMATION_FORMAT = "dwarf-with-dsym";
				ENABLE_NS_ASSERTIONS = NO;
				ENABLE_STRICT_OBJC_MSGSEND = YES;
				GCC_C_LANGUAGE_STANDARD = gnu11;
				GCC_NO_COMMON_BLOCKS = YES;
				GCC_WARN_64_TO_32_BIT_CONVERSION = YES;
				GCC_WARN_ABOUT_RETURN_TYPE = YES_ERROR;
				GCC_WARN_UNDECLARED_SELECTOR = YES;
				GCC_WARN_UNINITIALIZED_AUTOS = YES_AGGRESSIVE;
				GCC_WARN_UNUSED_FUNCTION = YES;
				GCC_WARN_UNUSED_VARIABLE = YES;
				IPHONEOS_DEPLOYMENT_TARGET = 13.4;
				MTL_ENABLE_DEBUG_INFO = NO;
				MTL_FAST_MATH = YES;
				SDKROOT = iphoneos;
				SWIFT_COMPILATION_MODE = wholemodule;
				SWIFT_OPTIMIZATION_LEVEL = "-O";
				VALIDATE_PRODUCT = YES;
			};
			name = Release;
		};
		884F8061245C7C1C00C3D76A /* Debug */ = {
			isa = XCBuildConfiguration;
			baseConfigurationReference = 5C6E47A90F6F2D85AE146582 /* Pods-weatherApp.debug.xcconfig */;
			buildSettings = {
				ASSETCATALOG_COMPILER_APPICON_NAME = AppIcon;
				CODE_SIGN_STYLE = Automatic;
				DEVELOPMENT_TEAM = H39KTTHR8M;
				INFOPLIST_FILE = weatherApp/Info.plist;
				LD_RUNPATH_SEARCH_PATHS = (
					"$(inherited)",
					"@executable_path/Frameworks",
				);
				PRODUCT_BUNDLE_IDENTIFIER = com.howardchang.login.weatherApp;
				PRODUCT_NAME = "$(TARGET_NAME)";
				SWIFT_VERSION = 5.0;
				TARGETED_DEVICE_FAMILY = 1;
			};
			name = Debug;
		};
		884F8062245C7C1C00C3D76A /* Release */ = {
			isa = XCBuildConfiguration;
			baseConfigurationReference = DDF4DBF864A6F2883EF93F5F /* Pods-weatherApp.release.xcconfig */;
			buildSettings = {
				ASSETCATALOG_COMPILER_APPICON_NAME = AppIcon;
				CODE_SIGN_STYLE = Automatic;
				DEVELOPMENT_TEAM = H39KTTHR8M;
				INFOPLIST_FILE = weatherApp/Info.plist;
				LD_RUNPATH_SEARCH_PATHS = (
					"$(inherited)",
					"@executable_path/Frameworks",
				);
				PRODUCT_BUNDLE_IDENTIFIER = com.howardchang.login.weatherApp;
				PRODUCT_NAME = "$(TARGET_NAME)";
				SWIFT_VERSION = 5.0;
				TARGETED_DEVICE_FAMILY = 1;
			};
			name = Release;
		};
/* End XCBuildConfiguration section */

/* Begin XCConfigurationList section */
		884F8047245C7C1800C3D76A /* Build configuration list for PBXProject "weatherApp" */ = {
			isa = XCConfigurationList;
			buildConfigurations = (
				884F805E245C7C1C00C3D76A /* Debug */,
				884F805F245C7C1C00C3D76A /* Release */,
			);
			defaultConfigurationIsVisible = 0;
			defaultConfigurationName = Release;
		};
		884F8060245C7C1C00C3D76A /* Build configuration list for PBXNativeTarget "weatherApp" */ = {
			isa = XCConfigurationList;
			buildConfigurations = (
				884F8061245C7C1C00C3D76A /* Debug */,
				884F8062245C7C1C00C3D76A /* Release */,
			);
			defaultConfigurationIsVisible = 0;
			defaultConfigurationName = Release;
		};
/* End XCConfigurationList section */

/* Begin XCRemoteSwiftPackageReference section */
		884F8063245F5C8100C3D76A /* XCRemoteSwiftPackageReference "ImageKit" */ = {
			isa = XCRemoteSwiftPackageReference;
			repositoryURL = "https://github.com/alexpaul/ImageKit";
			requirement = {
				kind = upToNextMajorVersion;
				minimumVersion = 1.0.5;
			};
		};
/* End XCRemoteSwiftPackageReference section */

/* Begin XCSwiftPackageProductDependency section */
		884F8064245F5C8100C3D76A /* ImageKit */ = {
			isa = XCSwiftPackageProductDependency;
			package = 884F8063245F5C8100C3D76A /* XCRemoteSwiftPackageReference "ImageKit" */;
			productName = ImageKit;
		};
/* End XCSwiftPackageProductDependency section */
	};
	rootObject = 884F8044245C7C1800C3D76A /* Project object */;
}
